
Microsoft Visual Studio Solution File, Format Version 12.00
# Visual Studio Version 17
VisualStudioVersion = 17.0.31825.309
MinimumVisualStudioVersion = 10.0.40219.1
Project("{9A19103F-16F7-4668-BE54-9A1E7A4F7556}") = "Microsoft.FeatureManagement", "src\Microsoft.FeatureManagement\Microsoft.FeatureManagement.csproj", "{ED1A3494-6D5B-4B27-BA9C-8BAF93E36955}"
EndProject
Project("{9A19103F-16F7-4668-BE54-9A1E7A4F7556}") = "Tests.FeatureManagement", "tests\Tests.FeatureManagement\Tests.FeatureManagement.csproj", "{FDBB27BA-C5BA-48A7-BA9B-63159943EA9F}"
EndProject
Project("{2150E333-8FDC-42A3-9474-1A3956D46DE8}") = "Tests", "Tests", "{8ED6FFEE-4037-49A2-9709-BC519C104A90}"
EndProject
Project("{9A19103F-16F7-4668-BE54-9A1E7A4F7556}") = "Microsoft.FeatureManagement.AspNetCore", "src\Microsoft.FeatureManagement.AspNetCore\Microsoft.FeatureManagement.AspNetCore.csproj", "{CFD3E549-2E24-490D-A7F6-F95E56A81092}"
EndProject
Project("{2150E333-8FDC-42A3-9474-1A3956D46DE8}") = "Examples", "Examples", "{FB5C34DF-695C-4DF9-8AED-B3EA2516EA72}"
EndProject
Project("{9A19103F-16F7-4668-BE54-9A1E7A4F7556}") = "Tests.FeatureManagement.AspNetCore", "tests\Tests.FeatureManagement.AspNetCore\Tests.FeatureManagement.AspNetCore.csproj", "{FC0DC3E2-5646-4AEC-A7DB-2D6167BC3BB4}"
EndProject
Project("{9A19103F-16F7-4668-BE54-9A1E7A4F7556}") = "ConsoleApp", "examples\ConsoleApp\ConsoleApp.csproj", "{7B98D293-F270-423E-A9A6-0D388E903AE9}"
EndProject
Project("{9A19103F-16F7-4668-BE54-9A1E7A4F7556}") = "RazorPages", "examples\RazorPages\RazorPages.csproj", "{36DBB413-D9CA-4C56-AE5B-EAEA4C344DB3}"
EndProject
Project("{9A19103F-16F7-4668-BE54-9A1E7A4F7556}") = "FeatureFlagDemo", "examples\FeatureFlagDemo\FeatureFlagDemo.csproj", "{DACAB624-4611-42E8-844C-529F93A54980}"
EndProject
Project("{9A19103F-16F7-4668-BE54-9A1E7A4F7556}") = "TargetingConsoleApp", "examples\TargetingConsoleApp\TargetingConsoleApp.csproj", "{283D3EBB-4716-4F1D-BA51-A435F7E2AB82}"
EndProject
Project("{9A19103F-16F7-4668-BE54-9A1E7A4F7556}") = "Microsoft.FeatureManagement.Telemetry.ApplicationInsights", "src\Microsoft.FeatureManagement.Telemetry.ApplicationInsights\Microsoft.FeatureManagement.Telemetry.ApplicationInsights.csproj", "{7964DC66-B2D3-412D-B18A-86D1E07D149D}"
EndProject
Project("{9A19103F-16F7-4668-BE54-9A1E7A4F7556}") = "EvaluationDataToApplicationInsights", "examples\EvaluationDataToApplicationInsights\EvaluationDataToApplicationInsights.csproj", "{1502529E-47E9-4306-98C4-BF6CF7C7C275}"
EndProject
Global
	GlobalSection(SolutionConfigurationPlatforms) = preSolution
		Debug|Any CPU = Debug|Any CPU
		Release|Any CPU = Release|Any CPU
	EndGlobalSection
	GlobalSection(ProjectConfigurationPlatforms) = postSolution
		{ED1A3494-6D5B-4B27-BA9C-8BAF93E36955}.Debug|Any CPU.ActiveCfg = Debug|Any CPU
		{ED1A3494-6D5B-4B27-BA9C-8BAF93E36955}.Debug|Any CPU.Build.0 = Debug|Any CPU
		{ED1A3494-6D5B-4B27-BA9C-8BAF93E36955}.Release|Any CPU.ActiveCfg = Release|Any CPU
		{ED1A3494-6D5B-4B27-BA9C-8BAF93E36955}.Release|Any CPU.Build.0 = Release|Any CPU
		{FDBB27BA-C5BA-48A7-BA9B-63159943EA9F}.Debug|Any CPU.ActiveCfg = Debug|Any CPU
		{FDBB27BA-C5BA-48A7-BA9B-63159943EA9F}.Debug|Any CPU.Build.0 = Debug|Any CPU
		{FDBB27BA-C5BA-48A7-BA9B-63159943EA9F}.Release|Any CPU.ActiveCfg = Release|Any CPU
		{FDBB27BA-C5BA-48A7-BA9B-63159943EA9F}.Release|Any CPU.Build.0 = Release|Any CPU
		{CFD3E549-2E24-490D-A7F6-F95E56A81092}.Debug|Any CPU.ActiveCfg = Debug|Any CPU
		{CFD3E549-2E24-490D-A7F6-F95E56A81092}.Debug|Any CPU.Build.0 = Debug|Any CPU
		{CFD3E549-2E24-490D-A7F6-F95E56A81092}.Release|Any CPU.ActiveCfg = Release|Any CPU
		{CFD3E549-2E24-490D-A7F6-F95E56A81092}.Release|Any CPU.Build.0 = Release|Any CPU
		{FC0DC3E2-5646-4AEC-A7DB-2D6167BC3BB4}.Debug|Any CPU.ActiveCfg = Debug|Any CPU
		{FC0DC3E2-5646-4AEC-A7DB-2D6167BC3BB4}.Debug|Any CPU.Build.0 = Debug|Any CPU
		{FC0DC3E2-5646-4AEC-A7DB-2D6167BC3BB4}.Release|Any CPU.ActiveCfg = Release|Any CPU
		{FC0DC3E2-5646-4AEC-A7DB-2D6167BC3BB4}.Release|Any CPU.Build.0 = Release|Any CPU
		{7B98D293-F270-423E-A9A6-0D388E903AE9}.Debug|Any CPU.ActiveCfg = Debug|Any CPU
		{7B98D293-F270-423E-A9A6-0D388E903AE9}.Debug|Any CPU.Build.0 = Debug|Any CPU
		{7B98D293-F270-423E-A9A6-0D388E903AE9}.Release|Any CPU.ActiveCfg = Release|Any CPU
		{7B98D293-F270-423E-A9A6-0D388E903AE9}.Release|Any CPU.Build.0 = Release|Any CPU
		{36DBB413-D9CA-4C56-AE5B-EAEA4C344DB3}.Debug|Any CPU.ActiveCfg = Debug|Any CPU
		{36DBB413-D9CA-4C56-AE5B-EAEA4C344DB3}.Debug|Any CPU.Build.0 = Debug|Any CPU
		{36DBB413-D9CA-4C56-AE5B-EAEA4C344DB3}.Release|Any CPU.ActiveCfg = Release|Any CPU
		{36DBB413-D9CA-4C56-AE5B-EAEA4C344DB3}.Release|Any CPU.Build.0 = Release|Any CPU
		{DACAB624-4611-42E8-844C-529F93A54980}.Debug|Any CPU.ActiveCfg = Debug|Any CPU
		{DACAB624-4611-42E8-844C-529F93A54980}.Debug|Any CPU.Build.0 = Debug|Any CPU
		{DACAB624-4611-42E8-844C-529F93A54980}.Release|Any CPU.ActiveCfg = Release|Any CPU
		{DACAB624-4611-42E8-844C-529F93A54980}.Release|Any CPU.Build.0 = Release|Any CPU
		{283D3EBB-4716-4F1D-BA51-A435F7E2AB82}.Debug|Any CPU.ActiveCfg = Debug|Any CPU
		{283D3EBB-4716-4F1D-BA51-A435F7E2AB82}.Debug|Any CPU.Build.0 = Debug|Any CPU
		{283D3EBB-4716-4F1D-BA51-A435F7E2AB82}.Release|Any CPU.ActiveCfg = Release|Any CPU
		{283D3EBB-4716-4F1D-BA51-A435F7E2AB82}.Release|Any CPU.Build.0 = Release|Any CPU
		{7964DC66-B2D3-412D-B18A-86D1E07D149D}.Debug|Any CPU.ActiveCfg = Debug|Any CPU
		{7964DC66-B2D3-412D-B18A-86D1E07D149D}.Debug|Any CPU.Build.0 = Debug|Any CPU
		{7964DC66-B2D3-412D-B18A-86D1E07D149D}.Release|Any CPU.ActiveCfg = Release|Any CPU
		{7964DC66-B2D3-412D-B18A-86D1E07D149D}.Release|Any CPU.Build.0 = Release|Any CPU
		{1502529E-47E9-4306-98C4-BF6CF7C7C275}.Debug|Any CPU.ActiveCfg = Debug|Any CPU
		{1502529E-47E9-4306-98C4-BF6CF7C7C275}.Debug|Any CPU.Build.0 = Debug|Any CPU
		{1502529E-47E9-4306-98C4-BF6CF7C7C275}.Release|Any CPU.ActiveCfg = Release|Any CPU
		{1502529E-47E9-4306-98C4-BF6CF7C7C275}.Release|Any CPU.Build.0 = Release|Any CPU
	EndGlobalSection
	GlobalSection(SolutionProperties) = preSolution
		HideSolutionNode = FALSE
	EndGlobalSection
	GlobalSection(NestedProjects) = preSolution
		{FDBB27BA-C5BA-48A7-BA9B-63159943EA9F} = {8ED6FFEE-4037-49A2-9709-BC519C104A90}
		{FC0DC3E2-5646-4AEC-A7DB-2D6167BC3BB4} = {8ED6FFEE-4037-49A2-9709-BC519C104A90}
		{7B98D293-F270-423E-A9A6-0D388E903AE9} = {FB5C34DF-695C-4DF9-8AED-B3EA2516EA72}
		{36DBB413-D9CA-4C56-AE5B-EAEA4C344DB3} = {FB5C34DF-695C-4DF9-8AED-B3EA2516EA72}
		{DACAB624-4611-42E8-844C-529F93A54980} = {FB5C34DF-695C-4DF9-8AED-B3EA2516EA72}
		{283D3EBB-4716-4F1D-BA51-A435F7E2AB82} = {FB5C34DF-695C-4DF9-8AED-B3EA2516EA72}
		{1502529E-47E9-4306-98C4-BF6CF7C7C275} = {FB5C34DF-695C-4DF9-8AED-B3EA2516EA72}
	EndGlobalSection
	GlobalSection(ExtensibilityGlobals) = postSolution
		SolutionGuid = {84DA6C54-F140-4518-A1B4-E4CF42117FBD}
	EndGlobalSection
EndGlobal
